{
  "name": "@backflip/dev-explainers",
  "version": "0.1.0",
  "lockfileVersion": 3,
  "requires": true,
  "packages": {
    "": {
      "name": "@backflip/dev-explainers",
      "version": "0.1.0",
      "dependencies": {
        "@backflip/html": "file:..",
        "css-what": "^6.1.0",
        "specificity": "^1.0.0"
      }
    },
    "..": {
      "name": "@backflip/html",
      "dependencies": {
        "acorn": "^8.16.0",
        "parse5-html-rewriting-stream": "^8.0.0"
      },
      "devDependencies": {
        "@types/jsdom": "^28.0.1",
        "jsdom": "^29.0.1",
        "tsx": "^4.21.0",
        "typescript": "^5.9.3"
      }
    },
    "node_modules/@backflip/html": {
      "resolved": "..",
      "link": true
    },
    "node_modules/css-tree": {
      "version": "2.3.1",
      "resolved": "https://registry.npmjs.org/css-tree/-/css-tree-2.3.1.tgz",
      "integrity": "sha512-6Fv1DV/TYw//QF5IzQdqsNDjx/wc8TrMBZsqjL9eW01tWb7R7k/mq+/VXfJCl7SoD5emsJop9cOByJZfs8hYIw==",
      "license": "MIT",
      "dependencies": {
        "mdn-data": "2.0.30",
        "source-map-js": "^1.0.1"
      },
      "engines": {
        "node": "^10 || ^12.20.0 || ^14.13.0 || >=15.0.0"
      }
    },
    "node_modules/css-what": {
      "version": "6.2.2",
      "resolved": "https://registry.npmjs.org/css-what/-/css-what-6.2.2.tgz",
      "integrity": "sha512-u/O3vwbptzhMs3L1fQE82ZSLHQQfto5gyZzwteVIEyeaY5Fc7R4dapF/BvRoSYFeqfBk4m0V1Vafq5Pjv25wvA==",
      "license": "BSD-2-Clause",
      "engines": {
        "node": ">= 6"
      },
      "funding": {
        "url": "https://github.com/sponsors/fb55"
      }
    },
    "node_modules/mdn-data": {
      "version": "2.0.30",
      "resolved": "https://registry.npmjs.org/mdn-data/-/mdn-data-2.0.30.tgz",
      "integrity": "sha512-GaqWWShW4kv/G9IEucWScBx9G1/vsFZZJUO+tD26M8J8z3Kw5RDQjaoZe03YAClgeS/SWPOcb4nkFBTEi5DUEA==",
      "license": "CC0-1.0"
    },
    "node_modules/source-map-js": {
      "version": "1.2.1",
      "resolved": "https://registry.npmjs.org/source-map-js/-/source-map-js-1.2.1.tgz",
      "integrity": "sha512-UXWMKhLOwVKb728IUtQPXxfYU+usdybtUrK/8uGE8CQMvrhOpwvzDBwj0QhSL7MQc7vIsISBG8VQ8+IDQxpfQA==",
      "license": "BSD-3-Clause",
      "engines": {
        "node": ">=0.10.0"
      }
    },
    "node_modules/specificity": {
      "version": "1.0.0",
      "resolved": "https://registry.npmjs.org/specificity/-/specificity-1.0.0.tgz",
      "integrity": "sha512-nCtHb5/MTfZ1D36EpLLz03AcUf1v+PxWFFieW4O721MaJUo/anSMckB94Ylj5VQPrjdlx+4BXcKD+s1N0yT+ww==",
      "license": "MIT",
      "dependencies": {
        "css-tree": "^2.3.1"
      }
    }
  }
}
